
Microsoft Visual Studio Solution File, Format Version 12.00
# Visual Studio Version 16
VisualStudioVersion = 16.0.30611.23
MinimumVisualStudioVersion = 10.0.40219.1
Project("{FAE04EC0-301F-11D3-BF4B-00C04F79EFBC}") = "wca_HelloWorld", "wca_HelloWorld.csproj", "{8FA0ED9E-925C-4E3E-AF49-602A58113029}"
EndProject
Global
	GlobalSection(SolutionConfigurationPlatforms) = preSolution
		Debug|Any CPU = Debug|Any CPU
		Release|Any CPU = Release|Any CPU
	EndGlobalSection
	GlobalSection(ProjectConfigurationPlatforms) = postSolution
		{8FA0ED9E-925C-4E3E-AF49-602A58113029}.Debug|Any CPU.ActiveCfg = Debug|Any CPU
		{8FA0ED9E-925C-4E3E-AF49-602A58113029}.Debug|Any CPU.Build.0 = Debug|Any CPU
		{8FA0ED9E-925C-4E3E-AF49-602A58113029}.Release|Any CPU.ActiveCfg = Release|Any CPU
		{8FA0ED9E-925C-4E3E-AF49-602A58113029}.Release|Any CPU.Build.0 = Release|Any CPU
	EndGlobalSection
	GlobalSection(SolutionProperties) = preSolution
		HideSolutionNode = FALSE
	EndGlobalSection
	GlobalSection(ExtensibilityGlobals) = postSolution
		SolutionGuid = {D949F72A-0AE9-4D18-8FF3-0A612A3C61A3}
	EndGlobalSection
EndGlobal
