
Microsoft Visual Studio Solution File, Format Version 12.00
# Visual Studio Version 16
VisualStudioVersion = 16.0.30711.63
MinimumVisualStudioVersion = 10.0.40219.1
Project("{FAE04EC0-301F-11D3-BF4B-00C04F79EFBC}") = "WFA_GenericTypes_14", "WFA_GenericTypes_14.csproj", "{C9731AB1-5F3D-475C-B121-32AD5551AADF}"
EndProject
Project("{FAE04EC0-301F-11D3-BF4B-00C04F79EFBC}") = "WLA_Helpers", "..\WLA_Helpers\WLA_Helpers.csproj", "{9D3EDFE5-8043-4F6A-A8CB-0B0EC2671D64}"
EndProject
Global
	GlobalSection(SolutionConfigurationPlatforms) = preSolution
		Debug|Any CPU = Debug|Any CPU
		Release|Any CPU = Release|Any CPU
	EndGlobalSection
	GlobalSection(ProjectConfigurationPlatforms) = postSolution
		{C9731AB1-5F3D-475C-B121-32AD5551AADF}.Debug|Any CPU.ActiveCfg = Debug|Any CPU
		{C9731AB1-5F3D-475C-B121-32AD5551AADF}.Debug|Any CPU.Build.0 = Debug|Any CPU
		{C9731AB1-5F3D-475C-B121-32AD5551AADF}.Release|Any CPU.ActiveCfg = Release|Any CPU
		{C9731AB1-5F3D-475C-B121-32AD5551AADF}.Release|Any CPU.Build.0 = Release|Any CPU
		{9D3EDFE5-8043-4F6A-A8CB-0B0EC2671D64}.Debug|Any CPU.ActiveCfg = Debug|Any CPU
		{9D3EDFE5-8043-4F6A-A8CB-0B0EC2671D64}.Debug|Any CPU.Build.0 = Debug|Any CPU
		{9D3EDFE5-8043-4F6A-A8CB-0B0EC2671D64}.Release|Any CPU.ActiveCfg = Release|Any CPU
		{9D3EDFE5-8043-4F6A-A8CB-0B0EC2671D64}.Release|Any CPU.Build.0 = Release|Any CPU
	EndGlobalSection
	GlobalSection(SolutionProperties) = preSolution
		HideSolutionNode = FALSE
	EndGlobalSection
	GlobalSection(ExtensibilityGlobals) = postSolution
		SolutionGuid = {63EDBD82-C7EF-46EE-98BE-068C83388352}
	EndGlobalSection
EndGlobal
