
Microsoft Visual Studio Solution File, Format Version 12.00
# Visual Studio Version 16
VisualStudioVersion = 16.0.30711.63
MinimumVisualStudioVersion = 10.0.40219.1
Project("{FAE04EC0-301F-11D3-BF4B-00C04F79EFBC}") = "WFA_MineSweeper", "WFA_MineSweeper.csproj", "{AB7A4A2C-4B44-4A2E-A131-8CB945F3D4CE}"
EndProject
Global
	GlobalSection(SolutionConfigurationPlatforms) = preSolution
		Debug|Any CPU = Debug|Any CPU
		Release|Any CPU = Release|Any CPU
	EndGlobalSection
	GlobalSection(ProjectConfigurationPlatforms) = postSolution
		{AB7A4A2C-4B44-4A2E-A131-8CB945F3D4CE}.Debug|Any CPU.ActiveCfg = Debug|Any CPU
		{AB7A4A2C-4B44-4A2E-A131-8CB945F3D4CE}.Debug|Any CPU.Build.0 = Debug|Any CPU
		{AB7A4A2C-4B44-4A2E-A131-8CB945F3D4CE}.Release|Any CPU.ActiveCfg = Release|Any CPU
		{AB7A4A2C-4B44-4A2E-A131-8CB945F3D4CE}.Release|Any CPU.Build.0 = Release|Any CPU
	EndGlobalSection
	GlobalSection(SolutionProperties) = preSolution
		HideSolutionNode = FALSE
	EndGlobalSection
	GlobalSection(ExtensibilityGlobals) = postSolution
		SolutionGuid = {934E1952-0DEF-469A-A70A-2E5709B2B912}
	EndGlobalSection
EndGlobal
