
Microsoft Visual Studio Solution File, Format Version 12.00
# Visual Studio Version 16
VisualStudioVersion = 16.0.30717.126
MinimumVisualStudioVersion = 10.0.40219.1
Project("{FAE04EC0-301F-11D3-BF4B-00C04F79EFBC}") = "WFA_Arrays", "WFA_Arrays.csproj", "{C1B46419-7784-47FC-82D9-0B49F2970181}"
EndProject
Global
	GlobalSection(SolutionConfigurationPlatforms) = preSolution
		Debug|Any CPU = Debug|Any CPU
		Release|Any CPU = Release|Any CPU
	EndGlobalSection
	GlobalSection(ProjectConfigurationPlatforms) = postSolution
		{C1B46419-7784-47FC-82D9-0B49F2970181}.Debug|Any CPU.ActiveCfg = Debug|Any CPU
		{C1B46419-7784-47FC-82D9-0B49F2970181}.Debug|Any CPU.Build.0 = Debug|Any CPU
		{C1B46419-7784-47FC-82D9-0B49F2970181}.Release|Any CPU.ActiveCfg = Release|Any CPU
		{C1B46419-7784-47FC-82D9-0B49F2970181}.Release|Any CPU.Build.0 = Release|Any CPU
	EndGlobalSection
	GlobalSection(SolutionProperties) = preSolution
		HideSolutionNode = FALSE
	EndGlobalSection
	GlobalSection(ExtensibilityGlobals) = postSolution
		SolutionGuid = {036A3579-BA57-4B22-B1D7-8A571389F892}
	EndGlobalSection
EndGlobal
