
Microsoft Visual Studio Solution File, Format Version 12.00
# Visual Studio Version 16
VisualStudioVersion = 16.0.30711.63
MinimumVisualStudioVersion = 10.0.40219.1
Project("{FAE04EC0-301F-11D3-BF4B-00C04F79EFBC}") = "WFA_Struct_7", "WFA_Struct_7.csproj", "{E5DF05CB-C3C7-4C58-BBB0-64AD1D9F9425}"
EndProject
Global
	GlobalSection(SolutionConfigurationPlatforms) = preSolution
		Debug|Any CPU = Debug|Any CPU
		Release|Any CPU = Release|Any CPU
	EndGlobalSection
	GlobalSection(ProjectConfigurationPlatforms) = postSolution
		{E5DF05CB-C3C7-4C58-BBB0-64AD1D9F9425}.Debug|Any CPU.ActiveCfg = Debug|Any CPU
		{E5DF05CB-C3C7-4C58-BBB0-64AD1D9F9425}.Debug|Any CPU.Build.0 = Debug|Any CPU
		{E5DF05CB-C3C7-4C58-BBB0-64AD1D9F9425}.Release|Any CPU.ActiveCfg = Release|Any CPU
		{E5DF05CB-C3C7-4C58-BBB0-64AD1D9F9425}.Release|Any CPU.Build.0 = Release|Any CPU
	EndGlobalSection
	GlobalSection(SolutionProperties) = preSolution
		HideSolutionNode = FALSE
	EndGlobalSection
	GlobalSection(ExtensibilityGlobals) = postSolution
		SolutionGuid = {64C2214E-9D07-44FB-A084-9FA80A762623}
	EndGlobalSection
EndGlobal
